// !$*UTF8*$!
{
	archiveVersion = 1;
	classes = {
	};
	objectVersion = 50;
	objects = {

/* Begin PBXBuildFile section */
		429D54442467E03F00882421 /* AppDelegate.swift in Sources */ = {isa = PBXBuildFile; fileRef = 429D54432467E03F00882421 /* AppDelegate.swift */; };
		429D54462467E03F00882421 /* SceneDelegate.swift in Sources */ = {isa = PBXBuildFile; fileRef = 429D54452467E03F00882421 /* SceneDelegate.swift */; };
		429D544B2467E03F00882421 /* Main.storyboard in Resources */ = {isa = PBXBuildFile; fileRef = 429D54492467E03F00882421 /* Main.storyboard */; };
		429D544D2467E04000882421 /* Assets.xcassets in Resources */ = {isa = PBXBuildFile; fileRef = 429D544C2467E04000882421 /* Assets.xcassets */; };
		429D54502467E04000882421 /* LaunchScreen.storyboard in Resources */ = {isa = PBXBuildFile; fileRef = 429D544E2467E04000882421 /* LaunchScreen.storyboard */; };
		429D545B2467E04000882421 /* SampleTests.swift in Sources */ = {isa = PBXBuildFile; fileRef = 429D545A2467E04000882421 /* SampleTests.swift */; };
		429D54662467E04100882421 /* SampleUITests.swift in Sources */ = {isa = PBXBuildFile; fileRef = 429D54652467E04100882421 /* SampleUITests.swift */; };
		429D54752467E35100882421 /* MapKit.framework in Frameworks */ = {isa = PBXBuildFile; fileRef = 429D54742467E35100882421 /* MapKit.framework */; };
		429D54772467E42000882421 /* MapViewController.swift in Sources */ = {isa = PBXBuildFile; fileRef = 429D54762467E42000882421 /* MapViewController.swift */; };
/* End PBXBuildFile section */

/* Begin PBXContainerItemProxy section */
		429D54572467E04000882421 /* PBXContainerItemProxy */ = {
			isa = PBXContainerItemProxy;
			containerPortal = 429D54382467E03F00882421 /* Project object */;
			proxyType = 1;
			remoteGlobalIDString = 429D543F2467E03F00882421;
			remoteInfo = Sample;
		};
		429D54622467E04100882421 /* PBXContainerItemProxy */ = {
			isa = PBXContainerItemProxy;
			containerPortal = 429D54382467E03F00882421 /* Project object */;
			proxyType = 1;
			remoteGlobalIDString = 429D543F2467E03F00882421;
			remoteInfo = Sample;
		};
/* End PBXContainerItemProxy section */

/* Begin PBXFileReference section */
		429D54402467E03F00882421 /* Sample.app */ = {isa = PBXFileReference; explicitFileType = wrapper.application; includeInIndex = 0; path = Sample.app; sourceTree = BUILT_PRODUCTS_DIR; };
		429D54432467E03F00882421 /* AppDelegate.swift */ = {isa = PBXFileReference; lastKnownFileType = sourcecode.swift; path = AppDelegate.swift; sourceTree = "<group>"; };
		429D54452467E03F00882421 /* SceneDelegate.swift */ = {isa = PBXFileReference; lastKnownFileType = sourcecode.swift; path = SceneDelegate.swift; sourceTree = "<group>"; };
		429D544A2467E03F00882421 /* Base */ = {isa = PBXFileReference; lastKnownFileType = file.storyboard; name = Base; path = Base.lproj/Main.storyboard; sourceTree = "<group>"; };
		429D544C2467E04000882421 /* Assets.xcassets */ = {isa = PBXFileReference; lastKnownFileType = folder.assetcatalog; path = Assets.xcassets; sourceTree = "<group>"; };
		429D544F2467E04000882421 /* Base */ = {isa = PBXFileReference; lastKnownFileType = file.storyboard; name = Base; path = Base.lproj/LaunchScreen.storyboard; sourceTree = "<group>"; };
		429D54512467E04000882421 /* Info.plist */ = {isa = PBXFileReference; lastKnownFileType = text.plist.xml; path = Info.plist; sourceTree = "<group>"; };
		429D54562467E04000882421 /* SampleTests.xctest */ = {isa = PBXFileReference; explicitFileType = wrapper.cfbundle; includeInIndex = 0; path = SampleTests.xctest; sourceTree = BUILT_PRODUCTS_DIR; };
		429D545A2467E04000882421 /* SampleTests.swift */ = {isa = PBXFileReference; lastKnownFileType = sourcecode.swift; path = SampleTests.swift; sourceTree = "<group>"; };
		429D545C2467E04000882421 /* Info.plist */ = {isa = PBXFileReference; lastKnownFileType = text.plist.xml; path = Info.plist; sourceTree = "<group>"; };
		429D54612467E04100882421 /* SampleUITests.xctest */ = {isa = PBXFileReference; explicitFileType = wrapper.cfbundle; includeInIndex = 0; path = SampleUITests.xctest; sourceTree = BUILT_PRODUCTS_DIR; };
		429D54652467E04100882421 /* SampleUITests.swift */ = {isa = PBXFileReference; lastKnownFileType = sourcecode.swift; path = SampleUITests.swift; sourceTree = "<group>"; };
		429D54672467E04100882421 /* Info.plist */ = {isa = PBXFileReference; lastKnownFileType = text.plist.xml; path = Info.plist; sourceTree = "<group>"; };
		429D54742467E35100882421 /* MapKit.framework */ = {isa = PBXFileReference; lastKnownFileType = wrapper.framework; name = MapKit.framework; path = System/Library/Frameworks/MapKit.framework; sourceTree = SDKROOT; };
		429D54762467E42000882421 /* MapViewController.swift */ = {isa = PBXFileReference; lastKnownFileType = sourcecode.swift; path = MapViewController.swift; sourceTree = "<group>"; };
/* End PBXFileReference section */

/* Begin PBXFrameworksBuildPhase section */
		429D543D2467E03F00882421 /* Frameworks */ = {
			isa = PBXFrameworksBuildPhase;
			buildActionMask = 2147483647;
			files = (
				429D54752467E35100882421 /* MapKit.framework in Frameworks */,
			);
			runOnlyForDeploymentPostprocessing = 0;
		};
		429D54532467E04000882421 /* Frameworks */ = {
			isa = PBXFrameworksBuildPhase;
			buildActionMask = 2147483647;
			files = (
			);
			runOnlyForDeploymentPostprocessing = 0;
		};
		429D545E2467E04100882421 /* Frameworks */ = {
			isa = PBXFrameworksBuildPhase;
			buildActionMask = 2147483647;
			files = (
			);
			runOnlyForDeploymentPostprocessing = 0;
		};
/* End PBXFrameworksBuildPhase section */

/* Begin PBXGroup section */
		429D54372467E03F00882421 = {
			isa = PBXGroup;
			children = (
				429D54422467E03F00882421 /* Sample */,
				429D54592467E04000882421 /* SampleTests */,
				429D54642467E04100882421 /* SampleUITests */,
				429D54412467E03F00882421 /* Products */,
				429D54732467E35100882421 /* Frameworks */,
			);
			sourceTree = "<group>";
		};
		429D54412467E03F00882421 /* Products */ = {
			isa = PBXGroup;
			children = (
				429D54402467E03F00882421 /* Sample.app */,
				429D54562467E04000882421 /* SampleTests.xctest */,
				429D54612467E04100882421 /* SampleUITests.xctest */,
			);
			name = Products;
			sourceTree = "<group>";
		};
		429D54422467E03F00882421 /* Sample */ = {
			isa = PBXGroup;
			children = (
				429D54432467E03F00882421 /* AppDelegate.swift */,
				429D54452467E03F00882421 /* SceneDelegate.swift */,
				429D54762467E42000882421 /* MapViewController.swift */,
				429D54492467E03F00882421 /* Main.storyboard */,
				429D544C2467E04000882421 /* Assets.xcassets */,
				429D544E2467E04000882421 /* LaunchScreen.storyboard */,
				429D54512467E04000882421 /* Info.plist */,
			);
			path = Sample;
			sourceTree = "<group>";
		};
		429D54592467E04000882421 /* SampleTests */ = {
			isa = PBXGroup;
			children = (
				429D545A2467E04000882421 /* SampleTests.swift */,
				429D545C2467E04000882421 /* Info.plist */,
			);
			path = SampleTests;
			sourceTree = "<group>";
		};
		429D54642467E04100882421 /* SampleUITests */ = {
			isa = PBXGroup;
			children = (
				429D54652467E04100882421 /* SampleUITests.swift */,
				429D54672467E04100882421 /* Info.plist */,
			);
			path = SampleUITests;
			sourceTree = "<group>";
		};
		429D54732467E35100882421 /* Frameworks */ = {
			isa = PBXGroup;
			children = (
				429D54742467E35100882421 /* MapKit.framework */,
			);
			name = Frameworks;
			sourceTree = "<group>";
		};
/* End PBXGroup section */

/* Begin PBXNativeTarget section */
		429D543F2467E03F00882421 /* Sample */ = {
			isa = PBXNativeTarget;
			buildConfigurationList = 429D546A2467E04100882421 /* Build configuration list for PBXNativeTarget "Sample" */;
			buildPhases = (
				429D543C2467E03F00882421 /* Sources */,
				429D543D2467E03F00882421 /* Frameworks */,
				429D543E2467E03F00882421 /* Resources */,
			);
			buildRules = (
			);
			dependencies = (
			);
			name = Sample;
			productName = Sample;
			productReference = 429D54402467E03F00882421 /* Sample.app */;
			productType = "com.apple.product-type.application";
		};
		429D54552467E04000882421 /* SampleTests */ = {
			isa = PBXNativeTarget;
			buildConfigurationList = 429D546D2467E04100882421 /* Build configuration list for PBXNativeTarget "SampleTests" */;
			buildPhases = (
				429D54522467E04000882421 /* Sources */,
				429D54532467E04000882421 /* Frameworks */,
				429D54542467E04000882421 /* Resources */,
			);
			buildRules = (
			);
			dependencies = (
				429D54582467E04000882421 /* PBXTargetDependency */,
			);
			name = SampleTests;
			productName = SampleTests;
			productReference = 429D54562467E04000882421 /* SampleTests.xctest */;
			productType = "com.apple.product-type.bundle.unit-test";
		};
		429D54602467E04100882421 /* SampleUITests */ = {
			isa = PBXNativeTarget;
			buildConfigurationList = 429D54702467E04100882421 /* Build configuration list for PBXNativeTarget "SampleUITests" */;
			buildPhases = (
				429D545D2467E04100882421 /* Sources */,
				429D545E2467E04100882421 /* Frameworks */,
				429D545F2467E04100882421 /* Resources */,
			);
			buildRules = (
			);
			dependencies = (
				429D54632467E04100882421 /* PBXTargetDependency */,
			);
			name = SampleUITests;
			productName = SampleUITests;
			productReference = 429D54612467E04100882421 /* SampleUITests.xctest */;
			productType = "com.apple.product-type.bundle.ui-testing";
		};
/* End PBXNativeTarget section */

/* Begin PBXProject section */
		429D54382467E03F00882421 /* Project object */ = {
			isa = PBXProject;
			attributes = {
				LastSwiftUpdateCheck = 1140;
				LastUpgradeCheck = 1140;
				ORGANIZATIONNAME = "N2N Connect";
				TargetAttributes = {
					429D543F2467E03F00882421 = {
						CreatedOnToolsVersion = 11.4.1;
					};
					429D54552467E04000882421 = {
						CreatedOnToolsVersion = 11.4.1;
						TestTargetID = 429D543F2467E03F00882421;
					};
					429D54602467E04100882421 = {
						CreatedOnToolsVersion = 11.4.1;
						TestTargetID = 429D543F2467E03F00882421;
					};
				};
			};
			buildConfigurationList = 429D543B2467E03F00882421 /* Build configuration list for PBXProject "Sample" */;
			compatibilityVersion = "Xcode 9.3";
			developmentRegion = en;
			hasScannedForEncodings = 0;
			knownRegions = (
				en,
				Base,
			);
			mainGroup = 429D54372467E03F00882421;
			productRefGroup = 429D54412467E03F00882421 /* Products */;
			projectDirPath = "";
			projectRoot = "";
			targets = (
				429D543F2467E03F00882421 /* Sample */,
				429D54552467E04000882421 /* SampleTests */,
				429D54602467E04100882421 /* SampleUITests */,
			);
		};
/* End PBXProject section */

/* Begin PBXResourcesBuildPhase section */
		429D543E2467E03F00882421 /* Resources */ = {
			isa = PBXResourcesBuildPhase;
			buildActionMask = 2147483647;
			files = (
				429D54502467E04000882421 /* LaunchScreen.storyboard in Resources */,
				429D544D2467E04000882421 /* Assets.xcassets in Resources */,
				429D544B2467E03F00882421 /* Main.storyboard in Resources */,
			);
			runOnlyForDeploymentPostprocessing = 0;
		};
		429D54542467E04000882421 /* Resources */ = {
			isa = PBXResourcesBuildPhase;
			buildActionMask = 2147483647;
			files = (
			);
			runOnlyForDeploymentPostprocessing = 0;
		};
		429D545F2467E04100882421 /* Resources */ = {
			isa = PBXResourcesBuildPhase;
			buildActionMask = 2147483647;
			files = (
			);
			runOnlyForDeploymentPostprocessing = 0;
		};
/* End PBXResourcesBuildPhase section */

/* Begin PBXSourcesBuildPhase section */
		429D543C2467E03F00882421 /* Sources */ = {
			isa = PBXSourcesBuildPhase;
			buildActionMask = 2147483647;
			files = (
				429D54442467E03F00882421 /* AppDelegate.swift in Sources */,
				429D54462467E03F00882421 /* SceneDelegate.swift in Sources */,
				429D54772467E42000882421 /* MapViewController.swift in Sources */,
			);
			runOnlyForDeploymentPostprocessing = 0;
		};
		429D54522467E04000882421 /* Sources */ = {
			isa = PBXSourcesBuildPhase;
			buildActionMask = 2147483647;
			files = (
				429D545B2467E04000882421 /* SampleTests.swift in Sources */,
			);
			runOnlyForDeploymentPostprocessing = 0;
		};
		429D545D2467E04100882421 /* Sources */ = {
			isa = PBXSourcesBuildPhase;
			buildActionMask = 2147483647;
			files = (
				429D54662467E04100882421 /* SampleUITests.swift in Sources */,
			);
			runOnlyForDeploymentPostprocessing = 0;
		};
/* End PBXSourcesBuildPhase section */

/* Begin PBXTargetDependency section */
		429D54582467E04000882421 /* PBXTargetDependency */ = {
			isa = PBXTargetDependency;
			target = 429D543F2467E03F00882421 /* Sample */;
			targetProxy = 429D54572467E04000882421 /* PBXContainerItemProxy */;
		};
		429D54632467E04100882421 /* PBXTargetDependency */ = {
			isa = PBXTargetDependency;
			target = 429D543F2467E03F00882421 /* Sample */;
			targetProxy = 429D54622467E04100882421 /* PBXContainerItemProxy */;
		};
/* End PBXTargetDependency section */

/* Begin PBXVariantGroup section */
		429D54492467E03F00882421 /* Main.storyboard */ = {
			isa = PBXVariantGroup;
			children = (
				429D544A2467E03F00882421 /* Base */,
			);
			name = Main.storyboard;
			sourceTree = "<group>";
		};
		429D544E2467E04000882421 /* LaunchScreen.storyboard */ = {
			isa = PBXVariantGroup;
			children = (
				429D544F2467E04000882421 /* Base */,
			);
			name = LaunchScreen.storyboard;
			sourceTree = "<group>";
		};
/* End PBXVariantGroup section */

/* Begin XCBuildConfiguration section */
		429D54682467E04100882421 /* Debug */ = {
			isa = XCBuildConfiguration;
			buildSettings = {
				ALWAYS_SEARCH_USER_PATHS = NO;
				CLANG_ANALYZER_NONNULL = YES;
				CLANG_ANALYZER_NUMBER_OBJECT_CONVERSION = YES_AGGRESSIVE;
				CLANG_CXX_LANGUAGE_STANDARD = "gnu++14";
				CLANG_CXX_LIBRARY = "libc++";
				CLANG_ENABLE_MODULES = YES;
				CLANG_ENABLE_OBJC_ARC = YES;
				CLANG_ENABLE_OBJC_WEAK = YES;
				CLANG_WARN_BLOCK_CAPTURE_AUTORELEASING = YES;
				CLANG_WARN_BOOL_CONVERSION = YES;
				CLANG_WARN_COMMA = YES;
				CLANG_WARN_CONSTANT_CONVERSION = YES;
				CLANG_WARN_DEPRECATED_OBJC_IMPLEMENTATIONS = YES;
				CLANG_WARN_DIRECT_OBJC_ISA_USAGE = YES_ERROR;
				CLANG_WARN_DOCUMENTATION_COMMENTS = YES;
				CLANG_WARN_EMPTY_BODY = YES;
				CLANG_WARN_ENUM_CONVERSION = YES;
				CLANG_WARN_INFINITE_RECURSION = YES;
				CLANG_WARN_INT_CONVERSION = YES;
				CLANG_WARN_NON_LITERAL_NULL_CONVERSION = YES;
				CLANG_WARN_OBJC_IMPLICIT_RETAIN_SELF = YES;
				CLANG_WARN_OBJC_LITERAL_CONVERSION = YES;
				CLANG_WARN_OBJC_ROOT_CLASS = YES_ERROR;
				CLANG_WARN_RANGE_LOOP_ANALYSIS = YES;
				CLANG_WARN_STRICT_PROTOTYPES = YES;
				CLANG_WARN_SUSPICIOUS_MOVE = YES;
				CLANG_WARN_UNGUARDED_AVAILABILITY = YES_AGGRESSIVE;
				CLANG_WARN_UNREACHABLE_CODE = YES;
				CLANG_WARN__DUPLICATE_METHOD_MATCH = YES;
				COPY_PHASE_STRIP = NO;
				DEBUG_INFORMATION_FORMAT = dwarf;
				ENABLE_STRICT_OBJC_MSGSEND = YES;
				ENABLE_TESTABILITY = YES;
				GCC_C_LANGUAGE_STANDARD = gnu11;
				GCC_DYNAMIC_NO_PIC = NO;
				GCC_NO_COMMON_BLOCKS = YES;
				GCC_OPTIMIZATION_LEVEL = 0;
				GCC_PREPROCESSOR_DEFINITIONS = (
					"DEBUG=1",
					"$(inherited)",
				);
				GCC_WARN_64_TO_32_BIT_CONVERSION = YES;
				GCC_WARN_ABOUT_RETURN_TYPE = YES_ERROR;
				GCC_WARN_UNDECLARED_SELECTOR = YES;
				GCC_WARN_UNINITIALIZED_AUTOS = YES_AGGRESSIVE;
				GCC_WARN_UNUSED_FUNCTION = YES;
				GCC_WARN_UNUSED_VARIABLE = YES;
				IPHONEOS_DEPLOYMENT_TARGET = 13.4;
				MTL_ENABLE_DEBUG_INFO = INCLUDE_SOURCE;
				MTL_FAST_MATH = YES;
				ONLY_ACTIVE_ARCH = YES;
				SDKROOT = iphoneos;
				SWIFT_ACTIVE_COMPILATION_CONDITIONS = DEBUG;
				SWIFT_OPTIMIZATION_LEVEL = "-Onone";
			};
			name = Debug;
		};
		429D54692467E04100882421 /* Release */ = {
			isa = XCBuildConfiguration;
			buildSettings = {
				ALWAYS_SEARCH_USER_PATHS = NO;
				CLANG_ANALYZER_NONNULL = YES;
				CLANG_ANALYZER_NUMBER_OBJECT_CONVERSION = YES_AGGRESSIVE;
				CLANG_CXX_LANGUAGE_STANDARD = "gnu++14";
				CLANG_CXX_LIBRARY = "libc++";
				CLANG_ENABLE_MODULES = YES;
				CLANG_ENABLE_OBJC_ARC = YES;
				CLANG_ENABLE_OBJC_WEAK = YES;
				CLANG_WARN_BLOCK_CAPTURE_AUTORELEASING = YES;
				CLANG_WARN_BOOL_CONVERSION = YES;
				CLANG_WARN_COMMA = YES;
				CLANG_WARN_CONSTANT_CONVERSION = YES;
				CLANG_WARN_DEPRECATED_OBJC_IMPLEMENTATIONS = YES;
				CLANG_WARN_DIRECT_OBJC_ISA_USAGE = YES_ERROR;
				CLANG_WARN_DOCUMENTATION_COMMENTS = YES;
				CLANG_WARN_EMPTY_BODY = YES;
				CLANG_WARN_ENUM_CONVERSION = YES;
				CLANG_WARN_INFINITE_RECURSION = YES;
				CLANG_WARN_INT_CONVERSION = YES;
				CLANG_WARN_NON_LITERAL_NULL_CONVERSION = YES;
				CLANG_WARN_OBJC_IMPLICIT_RETAIN_SELF = YES;
				CLANG_WARN_OBJC_LITERAL_CONVERSION = YES;
				CLANG_WARN_OBJC_ROOT_CLASS = YES_ERROR;
				CLANG_WARN_RANGE_LOOP_ANALYSIS = YES;
				CLANG_WARN_STRICT_PROTOTYPES = YES;
				CLANG_WARN_SUSPICIOUS_MOVE = YES;
				CLANG_WARN_UNGUARDED_AVAILABILITY = YES_AGGRESSIVE;
				CLANG_WARN_UNREACHABLE_CODE = YES;
				CLANG_WARN__DUPLICATE_METHOD_MATCH = YES;
				COPY_PHASE_STRIP = NO;
				DEBUG_INFORMATION_FORMAT = "dwarf-with-dsym";
				ENABLE_NS_ASSERTIONS = NO;
				ENABLE_STRICT_OBJC_MSGSEND = YES;
				GCC_C_LANGUAGE_STANDARD = gnu11;
				GCC_NO_COMMON_BLOCKS = YES;
				GCC_WARN_64_TO_32_BIT_CONVERSION = YES;
				GCC_WARN_ABOUT_RETURN_TYPE = YES_ERROR;
				GCC_WARN_UNDECLARED_SELECTOR = YES;
				GCC_WARN_UNINITIALIZED_AUTOS = YES_AGGRESSIVE;
				GCC_WARN_UNUSED_FUNCTION = YES;
				GCC_WARN_UNUSED_VARIABLE = YES;
				IPHONEOS_DEPLOYMENT_TARGET = 13.4;
				MTL_ENABLE_DEBUG_INFO = NO;
				MTL_FAST_MATH = YES;
				SDKROOT = iphoneos;
				SWIFT_COMPILATION_MODE = wholemodule;
				SWIFT_OPTIMIZATION_LEVEL = "-O";
				VALIDATE_PRODUCT = YES;
			};
			name = Release;
		};
		429D546B2467E04100882421 /* Debug */ = {
			isa = XCBuildConfiguration;
			buildSettings = {
				ASSETCATALOG_COMPILER_APPICON_NAME = AppIcon;
				CODE_SIGN_STYLE = Automatic;
				INFOPLIST_FILE = Sample/Info.plist;
				LD_RUNPATH_SEARCH_PATHS = (
					"$(inherited)",
					"@executable_path/Frameworks",
				);
				PRODUCT_BUNDLE_IDENTIFIER = me.hungnv.Sample;
				PRODUCT_NAME = "$(TARGET_NAME)";
				SWIFT_VERSION = 5.0;
				TARGETED_DEVICE_FAMILY = "1,2";
			};
			name = Debug;
		};
		429D546C2467E04100882421 /* Release */ = {
			isa = XCBuildConfiguration;
			buildSettings = {
				ASSETCATALOG_COMPILER_APPICON_NAME = AppIcon;
				CODE_SIGN_STYLE = Automatic;
				INFOPLIST_FILE = Sample/Info.plist;
				LD_RUNPATH_SEARCH_PATHS = (
					"$(inherited)",
					"@executable_path/Frameworks",
				);
				PRODUCT_BUNDLE_IDENTIFIER = me.hungnv.Sample;
				PRODUCT_NAME = "$(TARGET_NAME)";
				SWIFT_VERSION = 5.0;
				TARGETED_DEVICE_FAMILY = "1,2";
			};
			name = Release;
		};
		429D546E2467E04100882421 /* Debug */ = {
			isa = XCBuildConfiguration;
			buildSettings = {
				ALWAYS_EMBED_SWIFT_STANDARD_LIBRARIES = YES;
				BUNDLE_LOADER = "$(TEST_HOST)";
				CODE_SIGN_STYLE = Automatic;
				INFOPLIST_FILE = SampleTests/Info.plist;
				IPHONEOS_DEPLOYMENT_TARGET = 13.4;
				LD_RUNPATH_SEARCH_PATHS = (
					"$(inherited)",
					"@executable_path/Frameworks",
					"@loader_path/Frameworks",
				);
				PRODUCT_BUNDLE_IDENTIFIER = me.hungnv.SampleTests;
				PRODUCT_NAME = "$(TARGET_NAME)";
				SWIFT_VERSION = 5.0;
				TARGETED_DEVICE_FAMILY = "1,2";
				TEST_HOST = "$(BUILT_PRODUCTS_DIR)/Sample.app/Sample";
			};
			name = Debug;
		};
		429D546F2467E04100882421 /* Release */ = {
			isa = XCBuildConfiguration;
			buildSettings = {
				ALWAYS_EMBED_SWIFT_STANDARD_LIBRARIES = YES;
				BUNDLE_LOADER = "$(TEST_HOST)";
				CODE_SIGN_STYLE = Automatic;
				INFOPLIST_FILE = SampleTests/Info.plist;
				IPHONEOS_DEPLOYMENT_TARGET = 13.4;
				LD_RUNPATH_SEARCH_PATHS = (
					"$(inherited)",
					"@executable_path/Frameworks",
					"@loader_path/Frameworks",
				);
				PRODUCT_BUNDLE_IDENTIFIER = me.hungnv.SampleTests;
				PRODUCT_NAME = "$(TARGET_NAME)";
				SWIFT_VERSION = 5.0;
				TARGETED_DEVICE_FAMILY = "1,2";
				TEST_HOST = "$(BUILT_PRODUCTS_DIR)/Sample.app/Sample";
			};
			name = Release;
		};
		429D54712467E04100882421 /* Debug */ = {
			isa = XCBuildConfiguration;
			buildSettings = {
				ALWAYS_EMBED_SWIFT_STANDARD_LIBRARIES = YES;
				CODE_SIGN_STYLE = Automatic;
				INFOPLIST_FILE = SampleUITests/Info.plist;
				LD_RUNPATH_SEARCH_PATHS = (
					"$(inherited)",
					"@executable_path/Frameworks",
					"@loader_path/Frameworks",
				);
				PRODUCT_BUNDLE_IDENTIFIER = me.hungnv.SampleUITests;
				PRODUCT_NAME = "$(TARGET_NAME)";
				SWIFT_VERSION = 5.0;
				TARGETED_DEVICE_FAMILY = "1,2";
				TEST_TARGET_NAME = Sample;
			};
			name = Debug;
		};
		429D54722467E04100882421 /* Release */ = {
			isa = XCBuildConfiguration;
			buildSettings = {
				ALWAYS_EMBED_SWIFT_STANDARD_LIBRARIES = YES;
				CODE_SIGN_STYLE = Automatic;
				INFOPLIST_FILE = SampleUITests/Info.plist;
				LD_RUNPATH_SEARCH_PATHS = (
					"$(inherited)",
					"@executable_path/Frameworks",
					"@loader_path/Frameworks",
				);
				PRODUCT_BUNDLE_IDENTIFIER = me.hungnv.SampleUITests;
				PRODUCT_NAME = "$(TARGET_NAME)";
				SWIFT_VERSION = 5.0;
				TARGETED_DEVICE_FAMILY = "1,2";
				TEST_TARGET_NAME = Sample;
			};
			name = Release;
		};
/* End XCBuildConfiguration section */

/* Begin XCConfigurationList section */
		429D543B2467E03F00882421 /* Build configuration list for PBXProject "Sample" */ = {
			isa = XCConfigurationList;
			buildConfigurations = (
				429D54682467E04100882421 /* Debug */,
				429D54692467E04100882421 /* Release */,
			);
			defaultConfigurationIsVisible = 0;
			defaultConfigurationName = Release;
		};
		429D546A2467E04100882421 /* Build configuration list for PBXNativeTarget "Sample" */ = {
			isa = XCConfigurationList;
			buildConfigurations = (
				429D546B2467E04100882421 /* Debug */,
				429D546C2467E04100882421 /* Release */,
			);
			defaultConfigurationIsVisible = 0;
			defaultConfigurationName = Release;
		};
		429D546D2467E04100882421 /* Build configuration list for PBXNativeTarget "SampleTests" */ = {
			isa = XCConfigurationList;
			buildConfigurations = (
				429D546E2467E04100882421 /* Debug */,
				429D546F2467E04100882421 /* Release */,
			);
			defaultConfigurationIsVisible = 0;
			defaultConfigurationName = Release;
		};
		429D54702467E04100882421 /* Build configuration list for PBXNativeTarget "SampleUITests" */ = {
			isa = XCConfigurationList;
			buildConfigurations = (
				429D54712467E04100882421 /* Debug */,
				429D54722467E04100882421 /* Release */,
			);
			defaultConfigurationIsVisible = 0;
			defaultConfigurationName = Release;
		};
/* End XCConfigurationList section */
	};
	rootObject = 429D54382467E03F00882421 /* Project object */;
}
